github.com/tinywasm/ddl v0.0.9 h1:jH8Ns6kA6v+EC8IG68jPiKLDtwmv9awh8/oCzbog/4I=
github.com/tinywasm/ddl v0.0.9/go.mod h1:1we6reOq93AG9oaJr723fCxywSiwkbqYrs6zRjO8Vls=
github.com/tinywasm/events v0.0.2 h1:v9aQnj06ZGXcYVrkdAzDFXTYO5Dv4J8t13IBJNZVDg4=
github.com/tinywasm/events v0.0.2/go.mod h1:ybWdxV/2Vjru9SmT0Oa7O07K/Y7KtxB3f7Z72wt50Ao=
github.com/tinywasm/fmt v0.25.5 h1:2nBU5H1lszhkGIusm7m4S+rGM2rPiIJkhvQqwqN17qo=
github.com/tinywasm/fmt v0.25.5/go.mod h1:2Y4hlsQxqVsZ5z9vQL5XQbEzLQtQOr1Bhp44nPGfydA=
github.com/tinywasm/input v0.0.3 h1:zsdweZc7z7fXFDgy8cXeU3zFXvuQSvouq7qgZY4Tedg=
github.com/tinywasm/input v0.0.3/go.mod h1:eybzBuIXC0lArbS9LBZV1VBDr7vBRyrTn60jgKdS4ow=
github.com/tinywasm/json v0.5.19 h1:cip0XJ1jCxU5MgcCEVhdwRFXMSGN7/goDuiIaVMqtQs=
github.com/tinywasm/json v0.5.19/go.mod h1:JhZVGd211/PO/i9kggDoUu1xrn78xwJrJcpz9VoKc6E=
github.com/tinywasm/model v0.1.4 h1:ZXz/LB9bUVzfiPO3R8iMDbZ6j2DCdR+rOV67zDaE7VE=
github.com/tinywasm/model v0.1.4/go.mod h1:Cx/RTzSOH/DM2DtP6JqdhIRTDlf31EstTV5Y0RSp/dg=
github.com/tinywasm/orm v0.11.6 h1:ZdUfCuaEPlkbKG1ZA1bJl7WaPdRCoUWQjN8tmghjCVU=
github.com/tinywasm/orm v0.11.6/go.mod h1:mzrfLeBEASnVLI9FejZmqe5e4mMP2WrDC5kL4yMTrtQ=
github.com/tinywasm/router v0.1.21 h1:qaabMFM8yRbm9LQIjWyURMJoAtewm612ny+Qtt5Hhgk=
github.com/tinywasm/router v0.1.21/go.mod h1:zydmUVniz6MntGYiDGc/4tcm0KkshRQRML8K5lsYvHE=
github.com/tinywasm/storage v0.0.3 h1:5Go3flttfgEY9r2p2lLmk9DAyumwqsgPTiOBQNNoXRk=
github.com/tinywasm/storage v0.0.3/go.mod h1:cZyGue27FPB0EcFC07bPpwar41ETdP6h359MbD1pKKU=
github.com/tinywasm/time v0.5.2 h1:9MixEPxbx3VOM1oWhnUhOrVL8UgI47bT2r1iOOCexO0=
github.com/tinywasm/time v0.5.2/go.mod h1:6cHHubDVttZ1jBHeoz54bIZp70Gz9VdvXgenXB2+XFY=
github.com/tinywasm/view v0.1.17 h1:uQfrWFoWfiDlirav+P+IbVgz5Qi62VTwVXAOBuVXq0U=
github.com/tinywasm/view v0.1.17/go.mod h1:gqLfe5GL1hjj0vjT3qWrOsBRv0r1TgAmGaYp45LshEA=
